
Microsoft Visual Studio Solution File, Format Version 12.00
# Visual Studio Version 16
VisualStudioVersion = 16.0.29519.87
MinimumVisualStudioVersion = 10.0.40219.1
Project("{FAE04EC0-301F-11D3-BF4B-00C04F79EFBC}") = "Messenger", "Messenger\Messenger.csproj", "{0608C4F1-AEB7-41FD-A51A-D3055129BC4D}"
EndProject
Global
	GlobalSection(SolutionConfigurationPlatforms) = preSolution
		Debug|Any CPU = Debug|Any CPU
		Release|Any CPU = Release|Any CPU
	EndGlobalSection
	GlobalSection(ProjectConfigurationPlatforms) = postSolution
		{0608C4F1-AEB7-41FD-A51A-D3055129BC4D}.Debug|Any CPU.ActiveCfg = Debug|Any CPU
		{0608C4F1-AEB7-41FD-A51A-D3055129BC4D}.Debug|Any CPU.Build.0 = Debug|Any CPU
		{0608C4F1-AEB7-41FD-A51A-D3055129BC4D}.Release|Any CPU.ActiveCfg = Release|Any CPU
		{0608C4F1-AEB7-41FD-A51A-D3055129BC4D}.Release|Any CPU.Build.0 = Release|Any CPU
	EndGlobalSection
	GlobalSection(SolutionProperties) = preSolution
		HideSolutionNode = FALSE
	EndGlobalSection
	GlobalSection(ExtensibilityGlobals) = postSolution
		SolutionGuid = {1D3A1E61-AEDB-49C6-8281-D72F0EC3E6DE}
	EndGlobalSection
EndGlobal
